// !$*UTF8*$!
{
	archiveVersion = 1;
	classes = {
	};
	objectVersion = 55;
	objects = {

/* Begin PBXBuildFile section */
		B4489E6B282F91A300EAC7CA /* DiaryCell.swift in Sources */ = {isa = PBXBuildFile; fileRef = B4489E6A282F91A300EAC7CA /* DiaryCell.swift */; };
		B4489E6D282FA48C00EAC7CA /* StarViewController.swift in Sources */ = {isa = PBXBuildFile; fileRef = B4489E6C282FA48C00EAC7CA /* StarViewController.swift */; };
		B4489E6F282FA64F00EAC7CA /* StarCell.swift in Sources */ = {isa = PBXBuildFile; fileRef = B4489E6E282FA64F00EAC7CA /* StarCell.swift */; };
		B4489E76282FABE300EAC7CA /* DiaryDetailViewController.swift in Sources */ = {isa = PBXBuildFile; fileRef = B4489E75282FABE300EAC7CA /* DiaryDetailViewController.swift */; };
		B48405CE282FD3FD00ADC5C8 /* WriteDiaryViewController.swift in Sources */ = {isa = PBXBuildFile; fileRef = B48405CD282FD3FD00ADC5C8 /* WriteDiaryViewController.swift */; };
		B48405D0282FE2E500ADC5C8 /* Diary.swift in Sources */ = {isa = PBXBuildFile; fileRef = B48405CF282FE2E500ADC5C8 /* Diary.swift */; };
		B4FABB6A282F7306008E778F /* AppDelegate.swift in Sources */ = {isa = PBXBuildFile; fileRef = B4FABB69282F7306008E778F /* AppDelegate.swift */; };
		B4FABB6C282F7306008E778F /* SceneDelegate.swift in Sources */ = {isa = PBXBuildFile; fileRef = B4FABB6B282F7306008E778F /* SceneDelegate.swift */; };
		B4FABB6E282F7306008E778F /* ViewController.swift in Sources */ = {isa = PBXBuildFile; fileRef = B4FABB6D282F7306008E778F /* ViewController.swift */; };
		B4FABB71282F7306008E778F /* Main.storyboard in Resources */ = {isa = PBXBuildFile; fileRef = B4FABB6F282F7306008E778F /* Main.storyboard */; };
		B4FABB73282F7307008E778F /* Assets.xcassets in Resources */ = {isa = PBXBuildFile; fileRef = B4FABB72282F7307008E778F /* Assets.xcassets */; };
		B4FABB76282F7307008E778F /* LaunchScreen.storyboard in Resources */ = {isa = PBXBuildFile; fileRef = B4FABB74282F7307008E778F /* LaunchScreen.storyboard */; };
		B4FABB81282F7307008E778F /* DiaryTests.swift in Sources */ = {isa = PBXBuildFile; fileRef = B4FABB80282F7307008E778F /* DiaryTests.swift */; };
		B4FABB8B282F7307008E778F /* DiaryUITests.swift in Sources */ = {isa = PBXBuildFile; fileRef = B4FABB8A282F7307008E778F /* DiaryUITests.swift */; };
		B4FABB8D282F7307008E778F /* DiaryUITestsLaunchTests.swift in Sources */ = {isa = PBXBuildFile; fileRef = B4FABB8C282F7307008E778F /* DiaryUITestsLaunchTests.swift */; };
/* End PBXBuildFile section */

/* Begin PBXContainerItemProxy section */
		B4FABB7D282F7307008E778F /* PBXContainerItemProxy */ = {
			isa = PBXContainerItemProxy;
			containerPortal = B4FABB5E282F7306008E778F /* Project object */;
			proxyType = 1;
			remoteGlobalIDString = B4FABB65282F7306008E778F;
			remoteInfo = Diary;
		};
		B4FABB87282F7307008E778F /* PBXContainerItemProxy */ = {
			isa = PBXContainerItemProxy;
			containerPortal = B4FABB5E282F7306008E778F /* Project object */;
			proxyType = 1;
			remoteGlobalIDString = B4FABB65282F7306008E778F;
			remoteInfo = Diary;
		};
/* End PBXContainerItemProxy section */

/* Begin PBXFileReference section */
		B4489E6A282F91A300EAC7CA /* DiaryCell.swift */ = {isa = PBXFileReference; lastKnownFileType = sourcecode.swift; path = DiaryCell.swift; sourceTree = "<group>"; };
		B4489E6C282FA48C00EAC7CA /* StarViewController.swift */ = {isa = PBXFileReference; lastKnownFileType = sourcecode.swift; path = StarViewController.swift; sourceTree = "<group>"; };
		B4489E6E282FA64F00EAC7CA /* StarCell.swift */ = {isa = PBXFileReference; lastKnownFileType = sourcecode.swift; path = StarCell.swift; sourceTree = "<group>"; };
		B4489E75282FABE300EAC7CA /* DiaryDetailViewController.swift */ = {isa = PBXFileReference; lastKnownFileType = sourcecode.swift; name = DiaryDetailViewController.swift; path = _viewController/DiaryDetailViewController.swift; sourceTree = "<group>"; };
		B48405CD282FD3FD00ADC5C8 /* WriteDiaryViewController.swift */ = {isa = PBXFileReference; lastKnownFileType = sourcecode.swift; path = WriteDiaryViewController.swift; sourceTree = "<group>"; };
		B48405CF282FE2E500ADC5C8 /* Diary.swift */ = {isa = PBXFileReference; lastKnownFileType = sourcecode.swift; path = Diary.swift; sourceTree = "<group>"; };
		B4FABB66282F7306008E778F /* Diary.app */ = {isa = PBXFileReference; explicitFileType = wrapper.application; includeInIndex = 0; path = Diary.app; sourceTree = BUILT_PRODUCTS_DIR; };
		B4FABB69282F7306008E778F /* AppDelegate.swift */ = {isa = PBXFileReference; lastKnownFileType = sourcecode.swift; path = AppDelegate.swift; sourceTree = "<group>"; };
		B4FABB6B282F7306008E778F /* SceneDelegate.swift */ = {isa = PBXFileReference; lastKnownFileType = sourcecode.swift; path = SceneDelegate.swift; sourceTree = "<group>"; };
		B4FABB6D282F7306008E778F /* ViewController.swift */ = {isa = PBXFileReference; lastKnownFileType = sourcecode.swift; path = ViewController.swift; sourceTree = "<group>"; };
		B4FABB70282F7306008E778F /* Base */ = {isa = PBXFileReference; lastKnownFileType = file.storyboard; name = Base; path = Base.lproj/Main.storyboard; sourceTree = "<group>"; };
		B4FABB72282F7307008E778F /* Assets.xcassets */ = {isa = PBXFileReference; lastKnownFileType = folder.assetcatalog; path = Assets.xcassets; sourceTree = "<group>"; };
		B4FABB75282F7307008E778F /* Base */ = {isa = PBXFileReference; lastKnownFileType = file.storyboard; name = Base; path = Base.lproj/LaunchScreen.storyboard; sourceTree = "<group>"; };
		B4FABB77282F7307008E778F /* Info.plist */ = {isa = PBXFileReference; lastKnownFileType = text.plist.xml; path = Info.plist; sourceTree = "<group>"; };
		B4FABB7C282F7307008E778F /* DiaryTests.xctest */ = {isa = PBXFileReference; explicitFileType = wrapper.cfbundle; includeInIndex = 0; path = DiaryTests.xctest; sourceTree = BUILT_PRODUCTS_DIR; };
		B4FABB80282F7307008E778F /* DiaryTests.swift */ = {isa = PBXFileReference; lastKnownFileType = sourcecode.swift; path = DiaryTests.swift; sourceTree = "<group>"; };
		B4FABB86282F7307008E778F /* DiaryUITests.xctest */ = {isa = PBXFileReference; explicitFileType = wrapper.cfbundle; includeInIndex = 0; path = DiaryUITests.xctest; sourceTree = BUILT_PRODUCTS_DIR; };
		B4FABB8A282F7307008E778F /* DiaryUITests.swift */ = {isa = PBXFileReference; lastKnownFileType = sourcecode.swift; path = DiaryUITests.swift; sourceTree = "<group>"; };
		B4FABB8C282F7307008E778F /* DiaryUITestsLaunchTests.swift */ = {isa = PBXFileReference; lastKnownFileType = sourcecode.swift; path = DiaryUITestsLaunchTests.swift; sourceTree = "<group>"; };
/* End PBXFileReference section */

/* Begin PBXFrameworksBuildPhase section */
		B4FABB63282F7306008E778F /* Frameworks */ = {
			isa = PBXFrameworksBuildPhase;
			buildActionMask = 2147483647;
			files = (
			);
			runOnlyForDeploymentPostprocessing = 0;
		};
		B4FABB79282F7307008E778F /* Frameworks */ = {
			isa = PBXFrameworksBuildPhase;
			buildActionMask = 2147483647;
			files = (
			);
			runOnlyForDeploymentPostprocessing = 0;
		};
		B4FABB83282F7307008E778F /* Frameworks */ = {
			isa = PBXFrameworksBuildPhase;
			buildActionMask = 2147483647;
			files = (
			);
			runOnlyForDeploymentPostprocessing = 0;
		};
/* End PBXFrameworksBuildPhase section */

/* Begin PBXGroup section */
		B4FABB5D282F7306008E778F = {
			isa = PBXGroup;
			children = (
				B4FABB68282F7306008E778F /* Diary */,
				B4FABB7F282F7307008E778F /* DiaryTests */,
				B4FABB89282F7307008E778F /* DiaryUITests */,
				B4FABB67282F7306008E778F /* Products */,
			);
			sourceTree = "<group>";
		};
		B4FABB67282F7306008E778F /* Products */ = {
			isa = PBXGroup;
			children = (
				B4FABB66282F7306008E778F /* Diary.app */,
				B4FABB7C282F7307008E778F /* DiaryTests.xctest */,
				B4FABB86282F7307008E778F /* DiaryUITests.xctest */,
			);
			name = Products;
			sourceTree = "<group>";
		};
		B4FABB68282F7306008E778F /* Diary */ = {
			isa = PBXGroup;
			children = (
				B4FABB74282F7307008E778F /* LaunchScreen.storyboard */,
				B4FABB72282F7307008E778F /* Assets.xcassets */,
				B4FABB77282F7307008E778F /* Info.plist */,
				B4FABB6D282F7306008E778F /* ViewController.swift */,
				B4489E6C282FA48C00EAC7CA /* StarViewController.swift */,
				B4489E6E282FA64F00EAC7CA /* StarCell.swift */,
				B4489E6A282F91A300EAC7CA /* DiaryCell.swift */,
				B4FABB6B282F7306008E778F /* SceneDelegate.swift */,
				B4FABB69282F7306008E778F /* AppDelegate.swift */,
				B4489E75282FABE300EAC7CA /* DiaryDetailViewController.swift */,
				B4FABB6F282F7306008E778F /* Main.storyboard */,
				B48405CD282FD3FD00ADC5C8 /* WriteDiaryViewController.swift */,
				B48405CF282FE2E500ADC5C8 /* Diary.swift */,
			);
			path = Diary;
			sourceTree = "<group>";
		};
		B4FABB7F282F7307008E778F /* DiaryTests */ = {
			isa = PBXGroup;
			children = (
				B4FABB80282F7307008E778F /* DiaryTests.swift */,
			);
			path = DiaryTests;
			sourceTree = "<group>";
		};
		B4FABB89282F7307008E778F /* DiaryUITests */ = {
			isa = PBXGroup;
			children = (
				B4FABB8A282F7307008E778F /* DiaryUITests.swift */,
				B4FABB8C282F7307008E778F /* DiaryUITestsLaunchTests.swift */,
			);
			path = DiaryUITests;
			sourceTree = "<group>";
		};
/* End PBXGroup section */

/* Begin PBXNativeTarget section */
		B4FABB65282F7306008E778F /* Diary */ = {
			isa = PBXNativeTarget;
			buildConfigurationList = B4FABB90282F7307008E778F /* Build configuration list for PBXNativeTarget "Diary" */;
			buildPhases = (
				B4FABB62282F7306008E778F /* Sources */,
				B4FABB63282F7306008E778F /* Frameworks */,
				B4FABB64282F7306008E778F /* Resources */,
			);
			buildRules = (
			);
			dependencies = (
			);
			name = Diary;
			productName = Diary;
			productReference = B4FABB66282F7306008E778F /* Diary.app */;
			productType = "com.apple.product-type.application";
		};
		B4FABB7B282F7307008E778F /* DiaryTests */ = {
			isa = PBXNativeTarget;
			buildConfigurationList = B4FABB93282F7307008E778F /* Build configuration list for PBXNativeTarget "DiaryTests" */;
			buildPhases = (
				B4FABB78282F7307008E778F /* Sources */,
				B4FABB79282F7307008E778F /* Frameworks */,
				B4FABB7A282F7307008E778F /* Resources */,
			);
			buildRules = (
			);
			dependencies = (
				B4FABB7E282F7307008E778F /* PBXTargetDependency */,
			);
			name = DiaryTests;
			productName = DiaryTests;
			productReference = B4FABB7C282F7307008E778F /* DiaryTests.xctest */;
			productType = "com.apple.product-type.bundle.unit-test";
		};
		B4FABB85282F7307008E778F /* DiaryUITests */ = {
			isa = PBXNativeTarget;
			buildConfigurationList = B4FABB96282F7307008E778F /* Build configuration list for PBXNativeTarget "DiaryUITests" */;
			buildPhases = (
				B4FABB82282F7307008E778F /* Sources */,
				B4FABB83282F7307008E778F /* Frameworks */,
				B4FABB84282F7307008E778F /* Resources */,
			);
			buildRules = (
			);
			dependencies = (
				B4FABB88282F7307008E778F /* PBXTargetDependency */,
			);
			name = DiaryUITests;
			productName = DiaryUITests;
			productReference = B4FABB86282F7307008E778F /* DiaryUITests.xctest */;
			productType = "com.apple.product-type.bundle.ui-testing";
		};
/* End PBXNativeTarget section */

/* Begin PBXProject section */
		B4FABB5E282F7306008E778F /* Project object */ = {
			isa = PBXProject;
			attributes = {
				BuildIndependentTargetsInParallel = 1;
				LastSwiftUpdateCheck = 1330;
				LastUpgradeCheck = 1330;
				TargetAttributes = {
					B4FABB65282F7306008E778F = {
						CreatedOnToolsVersion = 13.3.1;
					};
					B4FABB7B282F7307008E778F = {
						CreatedOnToolsVersion = 13.3.1;
						TestTargetID = B4FABB65282F7306008E778F;
					};
					B4FABB85282F7307008E778F = {
						CreatedOnToolsVersion = 13.3.1;
						TestTargetID = B4FABB65282F7306008E778F;
					};
				};
			};
			buildConfigurationList = B4FABB61282F7306008E778F /* Build configuration list for PBXProject "Diary" */;
			compatibilityVersion = "Xcode 13.0";
			developmentRegion = en;
			hasScannedForEncodings = 0;
			knownRegions = (
				en,
				Base,
			);
			mainGroup = B4FABB5D282F7306008E778F;
			productRefGroup = B4FABB67282F7306008E778F /* Products */;
			projectDirPath = "";
			projectRoot = "";
			targets = (
				B4FABB65282F7306008E778F /* Diary */,
				B4FABB7B282F7307008E778F /* DiaryTests */,
				B4FABB85282F7307008E778F /* DiaryUITests */,
			);
		};
/* End PBXProject section */

/* Begin PBXResourcesBuildPhase section */
		B4FABB64282F7306008E778F /* Resources */ = {
			isa = PBXResourcesBuildPhase;
			buildActionMask = 2147483647;
			files = (
				B4FABB76282F7307008E778F /* LaunchScreen.storyboard in Resources */,
				B4FABB73282F7307008E778F /* Assets.xcassets in Resources */,
				B4FABB71282F7306008E778F /* Main.storyboard in Resources */,
			);
			runOnlyForDeploymentPostprocessing = 0;
		};
		B4FABB7A282F7307008E778F /* Resources */ = {
			isa = PBXResourcesBuildPhase;
			buildActionMask = 2147483647;
			files = (
			);
			runOnlyForDeploymentPostprocessing = 0;
		};
		B4FABB84282F7307008E778F /* Resources */ = {
			isa = PBXResourcesBuildPhase;
			buildActionMask = 2147483647;
			files = (
			);
			runOnlyForDeploymentPostprocessing = 0;
		};
/* End PBXResourcesBuildPhase section */

/* Begin PBXSourcesBuildPhase section */
		B4FABB62282F7306008E778F /* Sources */ = {
			isa = PBXSourcesBuildPhase;
			buildActionMask = 2147483647;
			files = (
				B4FABB6E282F7306008E778F /* ViewController.swift in Sources */,
				B4489E6F282FA64F00EAC7CA /* StarCell.swift in Sources */,
				B4FABB6A282F7306008E778F /* AppDelegate.swift in Sources */,
				B4FABB6C282F7306008E778F /* SceneDelegate.swift in Sources */,
				B48405CE282FD3FD00ADC5C8 /* WriteDiaryViewController.swift in Sources */,
				B48405D0282FE2E500ADC5C8 /* Diary.swift in Sources */,
				B4489E76282FABE300EAC7CA /* DiaryDetailViewController.swift in Sources */,
				B4489E6B282F91A300EAC7CA /* DiaryCell.swift in Sources */,
				B4489E6D282FA48C00EAC7CA /* StarViewController.swift in Sources */,
			);
			runOnlyForDeploymentPostprocessing = 0;
		};
		B4FABB78282F7307008E778F /* Sources */ = {
			isa = PBXSourcesBuildPhase;
			buildActionMask = 2147483647;
			files = (
				B4FABB81282F7307008E778F /* DiaryTests.swift in Sources */,
			);
			runOnlyForDeploymentPostprocessing = 0;
		};
		B4FABB82282F7307008E778F /* Sources */ = {
			isa = PBXSourcesBuildPhase;
			buildActionMask = 2147483647;
			files = (
				B4FABB8D282F7307008E778F /* DiaryUITestsLaunchTests.swift in Sources */,
				B4FABB8B282F7307008E778F /* DiaryUITests.swift in Sources */,
			);
			runOnlyForDeploymentPostprocessing = 0;
		};
/* End PBXSourcesBuildPhase section */

/* Begin PBXTargetDependency section */
		B4FABB7E282F7307008E778F /* PBXTargetDependency */ = {
			isa = PBXTargetDependency;
			target = B4FABB65282F7306008E778F /* Diary */;
			targetProxy = B4FABB7D282F7307008E778F /* PBXContainerItemProxy */;
		};
		B4FABB88282F7307008E778F /* PBXTargetDependency */ = {
			isa = PBXTargetDependency;
			target = B4FABB65282F7306008E778F /* Diary */;
			targetProxy = B4FABB87282F7307008E778F /* PBXContainerItemProxy */;
		};
/* End PBXTargetDependency section */

/* Begin PBXVariantGroup section */
		B4FABB6F282F7306008E778F /* Main.storyboard */ = {
			isa = PBXVariantGroup;
			children = (
				B4FABB70282F7306008E778F /* Base */,
			);
			name = Main.storyboard;
			sourceTree = "<group>";
		};
		B4FABB74282F7307008E778F /* LaunchScreen.storyboard */ = {
			isa = PBXVariantGroup;
			children = (
				B4FABB75282F7307008E778F /* Base */,
			);
			name = LaunchScreen.storyboard;
			sourceTree = "<group>";
		};
/* End PBXVariantGroup section */

/* Begin XCBuildConfiguration section */
		B4FABB8E282F7307008E778F /* Debug */ = {
			isa = XCBuildConfiguration;
			buildSettings = {
				ALWAYS_SEARCH_USER_PATHS = NO;
				CLANG_ANALYZER_NONNULL = YES;
				CLANG_ANALYZER_NUMBER_OBJECT_CONVERSION = YES_AGGRESSIVE;
				CLANG_CXX_LANGUAGE_STANDARD = "gnu++17";
				CLANG_ENABLE_MODULES = YES;
				CLANG_ENABLE_OBJC_ARC = YES;
				CLANG_ENABLE_OBJC_WEAK = YES;
				CLANG_WARN_BLOCK_CAPTURE_AUTORELEASING = YES;
				CLANG_WARN_BOOL_CONVERSION = YES;
				CLANG_WARN_COMMA = YES;
				CLANG_WARN_CONSTANT_CONVERSION = YES;
				CLANG_WARN_DEPRECATED_OBJC_IMPLEMENTATIONS = YES;
				CLANG_WARN_DIRECT_OBJC_ISA_USAGE = YES_ERROR;
				CLANG_WARN_DOCUMENTATION_COMMENTS = YES;
				CLANG_WARN_EMPTY_BODY = YES;
				CLANG_WARN_ENUM_CONVERSION = YES;
				CLANG_WARN_INFINITE_RECURSION = YES;
				CLANG_WARN_INT_CONVERSION = YES;
				CLANG_WARN_NON_LITERAL_NULL_CONVERSION = YES;
				CLANG_WARN_OBJC_IMPLICIT_RETAIN_SELF = YES;
				CLANG_WARN_OBJC_LITERAL_CONVERSION = YES;
				CLANG_WARN_OBJC_ROOT_CLASS = YES_ERROR;
				CLANG_WARN_QUOTED_INCLUDE_IN_FRAMEWORK_HEADER = YES;
				CLANG_WARN_RANGE_LOOP_ANALYSIS = YES;
				CLANG_WARN_STRICT_PROTOTYPES = YES;
				CLANG_WARN_SUSPICIOUS_MOVE = YES;
				CLANG_WARN_UNGUARDED_AVAILABILITY = YES_AGGRESSIVE;
				CLANG_WARN_UNREACHABLE_CODE = YES;
				CLANG_WARN__DUPLICATE_METHOD_MATCH = YES;
				COPY_PHASE_STRIP = NO;
				DEBUG_INFORMATION_FORMAT = dwarf;
				ENABLE_STRICT_OBJC_MSGSEND = YES;
				ENABLE_TESTABILITY = YES;
				GCC_C_LANGUAGE_STANDARD = gnu11;
				GCC_DYNAMIC_NO_PIC = NO;
				GCC_NO_COMMON_BLOCKS = YES;
				GCC_OPTIMIZATION_LEVEL = 0;
				GCC_PREPROCESSOR_DEFINITIONS = (
					"DEBUG=1",
					"$(inherited)",
				);
				GCC_WARN_64_TO_32_BIT_CONVERSION = YES;
				GCC_WARN_ABOUT_RETURN_TYPE = YES_ERROR;
				GCC_WARN_UNDECLARED_SELECTOR = YES;
				GCC_WARN_UNINITIALIZED_AUTOS = YES_AGGRESSIVE;
				GCC_WARN_UNUSED_FUNCTION = YES;
				GCC_WARN_UNUSED_VARIABLE = YES;
				IPHONEOS_DEPLOYMENT_TARGET = 15.4;
				MTL_ENABLE_DEBUG_INFO = INCLUDE_SOURCE;
				MTL_FAST_MATH = YES;
				ONLY_ACTIVE_ARCH = YES;
				SDKROOT = iphoneos;
				SWIFT_ACTIVE_COMPILATION_CONDITIONS = DEBUG;
				SWIFT_OPTIMIZATION_LEVEL = "-Onone";
			};
			name = Debug;
		};
		B4FABB8F282F7307008E778F /* Release */ = {
			isa = XCBuildConfiguration;
			buildSettings = {
				ALWAYS_SEARCH_USER_PATHS = NO;
				CLANG_ANALYZER_NONNULL = YES;
				CLANG_ANALYZER_NUMBER_OBJECT_CONVERSION = YES_AGGRESSIVE;
				CLANG_CXX_LANGUAGE_STANDARD = "gnu++17";
				CLANG_ENABLE_MODULES = YES;
				CLANG_ENABLE_OBJC_ARC = YES;
				CLANG_ENABLE_OBJC_WEAK = YES;
				CLANG_WARN_BLOCK_CAPTURE_AUTORELEASING = YES;
				CLANG_WARN_BOOL_CONVERSION = YES;
				CLANG_WARN_COMMA = YES;
				CLANG_WARN_CONSTANT_CONVERSION = YES;
				CLANG_WARN_DEPRECATED_OBJC_IMPLEMENTATIONS = YES;
				CLANG_WARN_DIRECT_OBJC_ISA_USAGE = YES_ERROR;
				CLANG_WARN_DOCUMENTATION_COMMENTS = YES;
				CLANG_WARN_EMPTY_BODY = YES;
				CLANG_WARN_ENUM_CONVERSION = YES;
				CLANG_WARN_INFINITE_RECURSION = YES;
				CLANG_WARN_INT_CONVERSION = YES;
				CLANG_WARN_NON_LITERAL_NULL_CONVERSION = YES;
				CLANG_WARN_OBJC_IMPLICIT_RETAIN_SELF = YES;
				CLANG_WARN_OBJC_LITERAL_CONVERSION = YES;
				CLANG_WARN_OBJC_ROOT_CLASS = YES_ERROR;
				CLANG_WARN_QUOTED_INCLUDE_IN_FRAMEWORK_HEADER = YES;
				CLANG_WARN_RANGE_LOOP_ANALYSIS = YES;
				CLANG_WARN_STRICT_PROTOTYPES = YES;
				CLANG_WARN_SUSPICIOUS_MOVE = YES;
				CLANG_WARN_UNGUARDED_AVAILABILITY = YES_AGGRESSIVE;
				CLANG_WARN_UNREACHABLE_CODE = YES;
				CLANG_WARN__DUPLICATE_METHOD_MATCH = YES;
				COPY_PHASE_STRIP = NO;
				DEBUG_INFORMATION_FORMAT = "dwarf-with-dsym";
				ENABLE_NS_ASSERTIONS = NO;
				ENABLE_STRICT_OBJC_MSGSEND = YES;
				GCC_C_LANGUAGE_STANDARD = gnu11;
				GCC_NO_COMMON_BLOCKS = YES;
				GCC_WARN_64_TO_32_BIT_CONVERSION = YES;
				GCC_WARN_ABOUT_RETURN_TYPE = YES_ERROR;
				GCC_WARN_UNDECLARED_SELECTOR = YES;
				GCC_WARN_UNINITIALIZED_AUTOS = YES_AGGRESSIVE;
				GCC_WARN_UNUSED_FUNCTION = YES;
				GCC_WARN_UNUSED_VARIABLE = YES;
				IPHONEOS_DEPLOYMENT_TARGET = 15.4;
				MTL_ENABLE_DEBUG_INFO = NO;
				MTL_FAST_MATH = YES;
				SDKROOT = iphoneos;
				SWIFT_COMPILATION_MODE = wholemodule;
				SWIFT_OPTIMIZATION_LEVEL = "-O";
				VALIDATE_PRODUCT = YES;
			};
			name = Release;
		};
		B4FABB91282F7307008E778F /* Debug */ = {
			isa = XCBuildConfiguration;
			buildSettings = {
				ASSETCATALOG_COMPILER_APPICON_NAME = AppIcon;
				ASSETCATALOG_COMPILER_GLOBAL_ACCENT_COLOR_NAME = AccentColor;
				CODE_SIGN_STYLE = Automatic;
				CURRENT_PROJECT_VERSION = 1;
				DEVELOPMENT_TEAM = 7T7HF9QMND;
				GENERATE_INFOPLIST_FILE = YES;
				INFOPLIST_FILE = Diary/Info.plist;
				INFOPLIST_KEY_UIApplicationSupportsIndirectInputEvents = YES;
				INFOPLIST_KEY_UILaunchStoryboardName = LaunchScreen;
				INFOPLIST_KEY_UIMainStoryboardFile = Main;
				INFOPLIST_KEY_UISupportedInterfaceOrientations_iPad = "UIInterfaceOrientationPortrait UIInterfaceOrientationPortraitUpsideDown UIInterfaceOrientationLandscapeLeft UIInterfaceOrientationLandscapeRight";
				INFOPLIST_KEY_UISupportedInterfaceOrientations_iPhone = "UIInterfaceOrientationPortrait UIInterfaceOrientationLandscapeLeft UIInterfaceOrientationLandscapeRight";
				LD_RUNPATH_SEARCH_PATHS = (
					"$(inherited)",
					"@executable_path/Frameworks",
				);
				MARKETING_VERSION = 1.0;
				PRODUCT_BUNDLE_IDENTIFIER = main.Diary;
				PRODUCT_NAME = "$(TARGET_NAME)";
				SWIFT_EMIT_LOC_STRINGS = YES;
				SWIFT_VERSION = 5.0;
				TARGETED_DEVICE_FAMILY = "1,2";
			};
			name = Debug;
		};
		B4FABB92282F7307008E778F /* Release */ = {
			isa = XCBuildConfiguration;
			buildSettings = {
				ASSETCATALOG_COMPILER_APPICON_NAME = AppIcon;
				ASSETCATALOG_COMPILER_GLOBAL_ACCENT_COLOR_NAME = AccentColor;
				CODE_SIGN_STYLE = Automatic;
				CURRENT_PROJECT_VERSION = 1;
				DEVELOPMENT_TEAM = 7T7HF9QMND;
				GENERATE_INFOPLIST_FILE = YES;
				INFOPLIST_FILE = Diary/Info.plist;
				INFOPLIST_KEY_UIApplicationSupportsIndirectInputEvents = YES;
				INFOPLIST_KEY_UILaunchStoryboardName = LaunchScreen;
				INFOPLIST_KEY_UIMainStoryboardFile = Main;
				INFOPLIST_KEY_UISupportedInterfaceOrientations_iPad = "UIInterfaceOrientationPortrait UIInterfaceOrientationPortraitUpsideDown UIInterfaceOrientationLandscapeLeft UIInterfaceOrientationLandscapeRight";
				INFOPLIST_KEY_UISupportedInterfaceOrientations_iPhone = "UIInterfaceOrientationPortrait UIInterfaceOrientationLandscapeLeft UIInterfaceOrientationLandscapeRight";
				LD_RUNPATH_SEARCH_PATHS = (
					"$(inherited)",
					"@executable_path/Frameworks",
				);
				MARKETING_VERSION = 1.0;
				PRODUCT_BUNDLE_IDENTIFIER = main.Diary;
				PRODUCT_NAME = "$(TARGET_NAME)";
				SWIFT_EMIT_LOC_STRINGS = YES;
				SWIFT_VERSION = 5.0;
				TARGETED_DEVICE_FAMILY = "1,2";
			};
			name = Release;
		};
		B4FABB94282F7307008E778F /* Debug */ = {
			isa = XCBuildConfiguration;
			buildSettings = {
				ALWAYS_EMBED_SWIFT_STANDARD_LIBRARIES = YES;
				BUNDLE_LOADER = "$(TEST_HOST)";
				CODE_SIGN_STYLE = Automatic;
				CURRENT_PROJECT_VERSION = 1;
				DEVELOPMENT_TEAM = 7T7HF9QMND;
				GENERATE_INFOPLIST_FILE = YES;
				IPHONEOS_DEPLOYMENT_TARGET = 15.4;
				MARKETING_VERSION = 1.0;
				PRODUCT_BUNDLE_IDENTIFIER = main.DiaryTests;
				PRODUCT_NAME = "$(TARGET_NAME)";
				SWIFT_EMIT_LOC_STRINGS = NO;
				SWIFT_VERSION = 5.0;
				TARGETED_DEVICE_FAMILY = "1,2";
				TEST_HOST = "$(BUILT_PRODUCTS_DIR)/Diary.app/Diary";
			};
			name = Debug;
		};
		B4FABB95282F7307008E778F /* Release */ = {
			isa = XCBuildConfiguration;
			buildSettings = {
				ALWAYS_EMBED_SWIFT_STANDARD_LIBRARIES = YES;
				BUNDLE_LOADER = "$(TEST_HOST)";
				CODE_SIGN_STYLE = Automatic;
				CURRENT_PROJECT_VERSION = 1;
				DEVELOPMENT_TEAM = 7T7HF9QMND;
				GENERATE_INFOPLIST_FILE = YES;
				IPHONEOS_DEPLOYMENT_TARGET = 15.4;
				MARKETING_VERSION = 1.0;
				PRODUCT_BUNDLE_IDENTIFIER = main.DiaryTests;
				PRODUCT_NAME = "$(TARGET_NAME)";
				SWIFT_EMIT_LOC_STRINGS = NO;
				SWIFT_VERSION = 5.0;
				TARGETED_DEVICE_FAMILY = "1,2";
				TEST_HOST = "$(BUILT_PRODUCTS_DIR)/Diary.app/Diary";
			};
			name = Release;
		};
		B4FABB97282F7307008E778F /* Debug */ = {
			isa = XCBuildConfiguration;
			buildSettings = {
				ALWAYS_EMBED_SWIFT_STANDARD_LIBRARIES = YES;
				CODE_SIGN_STYLE = Automatic;
				CURRENT_PROJECT_VERSION = 1;
				DEVELOPMENT_TEAM = 7T7HF9QMND;
				GENERATE_INFOPLIST_FILE = YES;
				MARKETING_VERSION = 1.0;
				PRODUCT_BUNDLE_IDENTIFIER = main.DiaryUITests;
				PRODUCT_NAME = "$(TARGET_NAME)";
				SWIFT_EMIT_LOC_STRINGS = NO;
				SWIFT_VERSION = 5.0;
				TARGETED_DEVICE_FAMILY = "1,2";
				TEST_TARGET_NAME = Diary;
			};
			name = Debug;
		};
		B4FABB98282F7307008E778F /* Release */ = {
			isa = XCBuildConfiguration;
			buildSettings = {
				ALWAYS_EMBED_SWIFT_STANDARD_LIBRARIES = YES;
				CODE_SIGN_STYLE = Automatic;
				CURRENT_PROJECT_VERSION = 1;
				DEVELOPMENT_TEAM = 7T7HF9QMND;
				GENERATE_INFOPLIST_FILE = YES;
				MARKETING_VERSION = 1.0;
				PRODUCT_BUNDLE_IDENTIFIER = main.DiaryUITests;
				PRODUCT_NAME = "$(TARGET_NAME)";
				SWIFT_EMIT_LOC_STRINGS = NO;
				SWIFT_VERSION = 5.0;
				TARGETED_DEVICE_FAMILY = "1,2";
				TEST_TARGET_NAME = Diary;
			};
			name = Release;
		};
/* End XCBuildConfiguration section */

/* Begin XCConfigurationList section */
		B4FABB61282F7306008E778F /* Build configuration list for PBXProject "Diary" */ = {
			isa = XCConfigurationList;
			buildConfigurations = (
				B4FABB8E282F7307008E778F /* Debug */,
				B4FABB8F282F7307008E778F /* Release */,
			);
			defaultConfigurationIsVisible = 0;
			defaultConfigurationName = Release;
		};
		B4FABB90282F7307008E778F /* Build configuration list for PBXNativeTarget "Diary" */ = {
			isa = XCConfigurationList;
			buildConfigurations = (
				B4FABB91282F7307008E778F /* Debug */,
				B4FABB92282F7307008E778F /* Release */,
			);
			defaultConfigurationIsVisible = 0;
			defaultConfigurationName = Release;
		};
		B4FABB93282F7307008E778F /* Build configuration list for PBXNativeTarget "DiaryTests" */ = {
			isa = XCConfigurationList;
			buildConfigurations = (
				B4FABB94282F7307008E778F /* Debug */,
				B4FABB95282F7307008E778F /* Release */,
			);
			defaultConfigurationIsVisible = 0;
			defaultConfigurationName = Release;
		};
		B4FABB96282F7307008E778F /* Build configuration list for PBXNativeTarget "DiaryUITests" */ = {
			isa = XCConfigurationList;
			buildConfigurations = (
				B4FABB97282F7307008E778F /* Debug */,
				B4FABB98282F7307008E778F /* Release */,
			);
			defaultConfigurationIsVisible = 0;
			defaultConfigurationName = Release;
		};
/* End XCConfigurationList section */
	};
	rootObject = B4FABB5E282F7306008E778F /* Project object */;
}
